<?xml version="1.0" encoding="utf-8"?>
<Project ToolsVersion="17.0" xmlns="http://schemas.microsoft.com/developer/msbuild/2003">
  <ItemGroup>
    <ClCompile Include="D:\mybitcoin\2\Kangaroo\src\Backup.cpp">
      <Filter>Source Files</Filter>
    </ClCompile>
    <ClCompile Include="D:\mybitcoin\2\Kangaroo\src\Check.cpp">
      <Filter>Source Files</Filter>
    </ClCompile>
    <ClCompile Include="D:\mybitcoin\2\Kangaroo\src\HashTable.cpp">
      <Filter>Source Files</Filter>
    </ClCompile>
    <ClCompile Include="D:\mybitcoin\2\Kangaroo\src\Kangaroo.cpp">
      <Filter>Source Files</Filter>
    </ClCompile>
    <ClCompile Include="D:\mybitcoin\2\Kangaroo\src\Merge.cpp">
      <Filter>Source Files</Filter>
    </ClCompile>
    <ClCompile Include="D:\mybitcoin\2\Kangaroo\src\Network.cpp">
      <Filter>Source Files</Filter>
    </ClCompile>
    <ClCompile Include="D:\mybitcoin\2\Kangaroo\src\PartMerge.cpp">
      <Filter>Source Files</Filter>
    </ClCompile>
    <ClCompile Include="D:\mybitcoin\2\Kangaroo\src\Thread.cpp">
      <Filter>Source Files</Filter>
    </ClCompile>
    <ClCompile Include="D:\mybitcoin\2\Kangaroo\src\Timer.cpp">
      <Filter>Source Files</Filter>
    </ClCompile>
    <ClCompile Include="D:\mybitcoin\2\Kangaroo\src\main.cpp">
      <Filter>Source Files</Filter>
    </ClCompile>
  </ItemGroup>
  <ItemGroup>
    <CustomBuild Include="D:\mybitcoin\2\Kangaroo\CMakeLists.txt" />
  </ItemGroup>
  <ItemGroup>
    <Filter Include="Source Files">
      <UniqueIdentifier>{8DEBE9FD-EC13-3D73-9922-26E539EF1F51}</UniqueIdentifier>
    </Filter>
  </ItemGroup>
</Project>
